{
  "version": "5",
  "specifiers": {
    "jsr:@std/assert@1": "1.0.19",
    "jsr:@std/collections@^1.1.3": "1.3.0",
    "jsr:@std/front-matter@^1.0.9": "1.0.9",
    "jsr:@std/fs@1": "1.0.24",
    "jsr:@std/internal@^1.0.12": "1.0.14",
    "jsr:@std/internal@^1.0.14": "1.0.14",
    "jsr:@std/path@1": "1.1.6",
    "jsr:@std/path@^1.1.5": "1.1.6",
    "jsr:@std/toml@1": "1.0.11",
    "jsr:@std/toml@^1.0.3": "1.0.11",
    "jsr:@std/yaml@1": "1.2.0",
    "jsr:@std/yaml@^1.0.5": "1.2.0",
    "jsr:@wazoo/linked-markdown@0.1": "0.1.0"
  },
  "jsr": {
    "@std/assert@1.0.19": {
      "integrity": "eaada96ee120cb980bc47e040f82814d786fe8162ecc53c91d8df60b8755991e",
      "dependencies": [
        "jsr:@std/internal@^1.0.12"
      ]
    },
    "@std/collections@1.3.0": {
      "integrity": "eb36b43d784477ea0b476483ac034a14bdd182aff921c812ecf662a1fcef9498"
    },
    "@std/front-matter@1.0.9": {
      "integrity": "ee6201d06674cbef137dda2252f62477450b48249e7d8d9ab57a30f85ff6f051",
      "dependencies": [
        "jsr:@std/toml@^1.0.3",
        "jsr:@std/yaml@^1.0.5"
      ]
    },
    "@std/fs@1.0.24": {
      "integrity": "f3061b45b81673a2bece689da041df32d174be064c89eb6397fb5718d3fb7877",
      "dependencies": [
        "jsr:@std/internal@^1.0.14",
        "jsr:@std/path@^1.1.5"
      ]
    },
    "@std/internal@1.0.14": {
      "integrity": "291516b3d4c35024d6ffbc0a9df5bf4c64116e05b50012cf846710152d2ffdf7"
    },
    "@std/path@1.1.6": {
      "integrity": "c68485c2a4dfbb5ae3cc74fae4e8c4e5d874cf8a8ed12927917235c758b46cbe",
      "dependencies": [
        "jsr:@std/internal@^1.0.14"
      ]
    },
    "@std/toml@1.0.11": {
      "integrity": "e084988b872ca4bad6aedfb7350f6eeed0e8ba88e9ee5e1590621c5b5bb8f715",
      "dependencies": [
        "jsr:@std/collections"
      ]
    },
    "@std/yaml@1.2.0": {
      "integrity": "20beb41e4983ba3437dbefac62b14061ab058e8a187596f19d28ff9035f6e6cf"
    },
    "@wazoo/linked-markdown@0.1.0": {
      "integrity": "461c994f40c5d99751f8573753f7ac5bd32b6649d8bcc8f15fa717acbf59bd96",
      "dependencies": [
        "jsr:@std/front-matter"
      ]
    }
  },
  "workspace": {
    "dependencies": [
      "jsr:@std/assert@1",
      "jsr:@std/fs@1",
      "jsr:@std/path@1",
      "jsr:@std/toml@1",
      "jsr:@std/yaml@1",
      "jsr:@wazoo/linked-markdown@0.1"
    ],
    "packageJson": {
      "dependencies": [
        "npm:@eslint/js@^9.20.0",
        "npm:@types/node@24",
        "npm:esbuild@0.28.1",
        "npm:eslint@^9.20.0",
        "npm:globals@16",
        "npm:json-schema-to-typescript@16",
        "npm:prettier@^3.9.5",
        "npm:tsup@^8.3.0",
        "npm:typedoc@0.28",
        "npm:typescript-eslint@^8.24.0",
        "npm:typescript@^5.8.0"
      ],
      "overrides": {
        "esbuild": "0.28.1"
      }
    }
  }
}
